
Microsoft Visual Studio Solution File, Format Version 12.00
# Visual Studio Version 16
VisualStudioVersion = 16.0.28714.193
MinimumVisualStudioVersion = 10.0.40219.1
Project("{FAE04EC0-301F-11D3-BF4B-00C04F79EFBC}") = "UnitTests", "UnitTests\UnitTests.csproj", "{AB258159-A8C4-4DE5-B643-0C543B560DE6}"
EndProject
Project("{FAE04EC0-301F-11D3-BF4B-00C04F79EFBC}") = "SamuraiApp.Domain", "SamuraiApp.Domain\SamuraiApp.Domain.csproj", "{AF87D1E1-4A13-480A-AEFF-D572522B34DA}"
EndProject
Project("{FAE04EC0-301F-11D3-BF4B-00C04F79EFBC}") = "SamuraiApp.Data", "SamuraiApp.Data\SamuraiApp.Data.csproj", "{A9576A21-91FF-4435-B9BC-414988004FFD}"
EndProject
Project("{FAE04EC0-301F-11D3-BF4B-00C04F79EFBC}") = "SamuraiApp.UI", "SamuraiApp.UI\SamuraiApp.UI.csproj", "{9C23F012-7C21-4814-BD87-1CFDA17538D4}"
EndProject
Global
	GlobalSection(SolutionConfigurationPlatforms) = preSolution
		Debug|Any CPU = Debug|Any CPU
		Release|Any CPU = Release|Any CPU
	EndGlobalSection
	GlobalSection(ProjectConfigurationPlatforms) = postSolution
		{AB258159-A8C4-4DE5-B643-0C543B560DE6}.Debug|Any CPU.ActiveCfg = Debug|Any CPU
		{AB258159-A8C4-4DE5-B643-0C543B560DE6}.Debug|Any CPU.Build.0 = Debug|Any CPU
		{AB258159-A8C4-4DE5-B643-0C543B560DE6}.Release|Any CPU.ActiveCfg = Release|Any CPU
		{AB258159-A8C4-4DE5-B643-0C543B560DE6}.Release|Any CPU.Build.0 = Release|Any CPU
		{AF87D1E1-4A13-480A-AEFF-D572522B34DA}.Debug|Any CPU.ActiveCfg = Debug|Any CPU
		{AF87D1E1-4A13-480A-AEFF-D572522B34DA}.Debug|Any CPU.Build.0 = Debug|Any CPU
		{AF87D1E1-4A13-480A-AEFF-D572522B34DA}.Release|Any CPU.ActiveCfg = Release|Any CPU
		{AF87D1E1-4A13-480A-AEFF-D572522B34DA}.Release|Any CPU.Build.0 = Release|Any CPU
		{A9576A21-91FF-4435-B9BC-414988004FFD}.Debug|Any CPU.ActiveCfg = Debug|Any CPU
		{A9576A21-91FF-4435-B9BC-414988004FFD}.Debug|Any CPU.Build.0 = Debug|Any CPU
		{A9576A21-91FF-4435-B9BC-414988004FFD}.Release|Any CPU.ActiveCfg = Release|Any CPU
		{A9576A21-91FF-4435-B9BC-414988004FFD}.Release|Any CPU.Build.0 = Release|Any CPU
		{9C23F012-7C21-4814-BD87-1CFDA17538D4}.Debug|Any CPU.ActiveCfg = Debug|Any CPU
		{9C23F012-7C21-4814-BD87-1CFDA17538D4}.Debug|Any CPU.Build.0 = Debug|Any CPU
		{9C23F012-7C21-4814-BD87-1CFDA17538D4}.Release|Any CPU.ActiveCfg = Release|Any CPU
		{9C23F012-7C21-4814-BD87-1CFDA17538D4}.Release|Any CPU.Build.0 = Release|Any CPU
	EndGlobalSection
	GlobalSection(SolutionProperties) = preSolution
		HideSolutionNode = FALSE
	EndGlobalSection
	GlobalSection(ExtensibilityGlobals) = postSolution
		SolutionGuid = {86144719-A2D3-41E7-8849-3E07F92582D8}
	EndGlobalSection
EndGlobal
